
Microsoft Visual Studio Solution File, Format Version 12.00
# Visual Studio 15
VisualStudioVersion = 15.0.26403.7
MinimumVisualStudioVersion = 10.0.40219.1
Project("{FAE04EC0-301F-11D3-BF4B-00C04F79EFBC}") = "TinyBusinessLayer.UnitTests", "TinyBusinessLayer.UnitTests\TinyBusinessLayer.UnitTests.csproj", "{8F3601C8-A10B-4884-A91C-5DEAAF58FBA2}"
EndProject
Project("{FAE04EC0-301F-11D3-BF4B-00C04F79EFBC}") = "TinyBusinessLayer.IntegrationTests", "TinyBusinessLayer.IntegrationTests\TinyBusinessLayer.IntegrationTests.csproj", "{194F265D-A9D8-4EBB-8DFE-FE4120011C07}"
EndProject
Project("{FAE04EC0-301F-11D3-BF4B-00C04F79EFBC}") = "TinyBusinessLayer.Core", "TinyBusinessLayer.Core\TinyBusinessLayer.Core.csproj", "{D4AA8CFB-5745-489A-BA8C-F67C9B181261}"
EndProject
Global
	GlobalSection(SolutionConfigurationPlatforms) = preSolution
		Debug|Any CPU = Debug|Any CPU
		Release|Any CPU = Release|Any CPU
	EndGlobalSection
	GlobalSection(ProjectConfigurationPlatforms) = postSolution
		{8F3601C8-A10B-4884-A91C-5DEAAF58FBA2}.Debug|Any CPU.ActiveCfg = Debug|Any CPU
		{8F3601C8-A10B-4884-A91C-5DEAAF58FBA2}.Debug|Any CPU.Build.0 = Debug|Any CPU
		{8F3601C8-A10B-4884-A91C-5DEAAF58FBA2}.Release|Any CPU.ActiveCfg = Release|Any CPU
		{8F3601C8-A10B-4884-A91C-5DEAAF58FBA2}.Release|Any CPU.Build.0 = Release|Any CPU
		{194F265D-A9D8-4EBB-8DFE-FE4120011C07}.Debug|Any CPU.ActiveCfg = Debug|Any CPU
		{194F265D-A9D8-4EBB-8DFE-FE4120011C07}.Debug|Any CPU.Build.0 = Debug|Any CPU
		{194F265D-A9D8-4EBB-8DFE-FE4120011C07}.Release|Any CPU.ActiveCfg = Release|Any CPU
		{194F265D-A9D8-4EBB-8DFE-FE4120011C07}.Release|Any CPU.Build.0 = Release|Any CPU
		{D4AA8CFB-5745-489A-BA8C-F67C9B181261}.Debug|Any CPU.ActiveCfg = Debug|Any CPU
		{D4AA8CFB-5745-489A-BA8C-F67C9B181261}.Debug|Any CPU.Build.0 = Debug|Any CPU
		{D4AA8CFB-5745-489A-BA8C-F67C9B181261}.Release|Any CPU.ActiveCfg = Release|Any CPU
		{D4AA8CFB-5745-489A-BA8C-F67C9B181261}.Release|Any CPU.Build.0 = Release|Any CPU
	EndGlobalSection
	GlobalSection(SolutionProperties) = preSolution
		HideSolutionNode = FALSE
	EndGlobalSection
EndGlobal
